// !$*UTF8*$!
{
	archiveVersion = 1;
	classes = {
	};
	objectVersion = 55;
	objects = {

/* Begin PBXBuildFile section */
		288FAED22753F1C400B35D02 /* Tests_iOS.swift in Sources */ = {isa = PBXBuildFile; fileRef = 288FAED12753F1C400B35D02 /* Tests_iOS.swift */; };
		288FAED42753F1C400B35D02 /* Tests_iOSLaunchTests.swift in Sources */ = {isa = PBXBuildFile; fileRef = 288FAED32753F1C400B35D02 /* Tests_iOSLaunchTests.swift */; };
		288FAEDE2753F1C400B35D02 /* Tests_macOS.swift in Sources */ = {isa = PBXBuildFile; fileRef = 288FAEDD2753F1C400B35D02 /* Tests_macOS.swift */; };
		288FAEE02753F1C400B35D02 /* Tests_macOSLaunchTests.swift in Sources */ = {isa = PBXBuildFile; fileRef = 288FAEDF2753F1C400B35D02 /* Tests_macOSLaunchTests.swift */; };
		288FAEE12753F1C400B35D02 /* aBookGenieApp.swift in Sources */ = {isa = PBXBuildFile; fileRef = 288FAEB92753F1C200B35D02 /* aBookGenieApp.swift */; };
		288FAEE22753F1C400B35D02 /* aBookGenieApp.swift in Sources */ = {isa = PBXBuildFile; fileRef = 288FAEB92753F1C200B35D02 /* aBookGenieApp.swift */; };
		288FAEE32753F1C400B35D02 /* ContentView.swift in Sources */ = {isa = PBXBuildFile; fileRef = 288FAEBA2753F1C200B35D02 /* ContentView.swift */; };
		288FAEE42753F1C400B35D02 /* ContentView.swift in Sources */ = {isa = PBXBuildFile; fileRef = 288FAEBA2753F1C200B35D02 /* ContentView.swift */; };
		288FAEE52753F1C400B35D02 /* Assets.xcassets in Resources */ = {isa = PBXBuildFile; fileRef = 288FAEBB2753F1C400B35D02 /* Assets.xcassets */; };
		288FAEE62753F1C400B35D02 /* Assets.xcassets in Resources */ = {isa = PBXBuildFile; fileRef = 288FAEBB2753F1C400B35D02 /* Assets.xcassets */; };
/* End PBXBuildFile section */

/* Begin PBXContainerItemProxy section */
		288FAECE2753F1C400B35D02 /* PBXContainerItemProxy */ = {
			isa = PBXContainerItemProxy;
			containerPortal = 288FAEB42753F1C200B35D02 /* Project object */;
			proxyType = 1;
			remoteGlobalIDString = 288FAEBF2753F1C400B35D02;
			remoteInfo = "aBookGenie (iOS)";
		};
		288FAEDA2753F1C400B35D02 /* PBXContainerItemProxy */ = {
			isa = PBXContainerItemProxy;
			containerPortal = 288FAEB42753F1C200B35D02 /* Project object */;
			proxyType = 1;
			remoteGlobalIDString = 288FAEC52753F1C400B35D02;
			remoteInfo = "aBookGenie (macOS)";
		};
/* End PBXContainerItemProxy section */

/* Begin PBXFileReference section */
		288FAEB92753F1C200B35D02 /* aBookGenieApp.swift */ = {isa = PBXFileReference; lastKnownFileType = sourcecode.swift; path = aBookGenieApp.swift; sourceTree = "<group>"; };
		288FAEBA2753F1C200B35D02 /* ContentView.swift */ = {isa = PBXFileReference; lastKnownFileType = sourcecode.swift; path = ContentView.swift; sourceTree = "<group>"; };
		288FAEBB2753F1C400B35D02 /* Assets.xcassets */ = {isa = PBXFileReference; lastKnownFileType = folder.assetcatalog; path = Assets.xcassets; sourceTree = "<group>"; };
		288FAEC02753F1C400B35D02 /* aBookGenie.app */ = {isa = PBXFileReference; explicitFileType = wrapper.application; includeInIndex = 0; path = aBookGenie.app; sourceTree = BUILT_PRODUCTS_DIR; };
		288FAEC62753F1C400B35D02 /* aBookGenie.app */ = {isa = PBXFileReference; explicitFileType = wrapper.application; includeInIndex = 0; path = aBookGenie.app; sourceTree = BUILT_PRODUCTS_DIR; };
		288FAEC82753F1C400B35D02 /* macOS.entitlements */ = {isa = PBXFileReference; lastKnownFileType = text.plist.entitlements; path = macOS.entitlements; sourceTree = "<group>"; };
		288FAECD2753F1C400B35D02 /* Tests iOS.xctest */ = {isa = PBXFileReference; explicitFileType = wrapper.cfbundle; includeInIndex = 0; path = "Tests iOS.xctest"; sourceTree = BUILT_PRODUCTS_DIR; };
		288FAED12753F1C400B35D02 /* Tests_iOS.swift */ = {isa = PBXFileReference; lastKnownFileType = sourcecode.swift; path = Tests_iOS.swift; sourceTree = "<group>"; };
		288FAED32753F1C400B35D02 /* Tests_iOSLaunchTests.swift */ = {isa = PBXFileReference; lastKnownFileType = sourcecode.swift; path = Tests_iOSLaunchTests.swift; sourceTree = "<group>"; };
		288FAED92753F1C400B35D02 /* Tests macOS.xctest */ = {isa = PBXFileReference; explicitFileType = wrapper.cfbundle; includeInIndex = 0; path = "Tests macOS.xctest"; sourceTree = BUILT_PRODUCTS_DIR; };
		288FAEDD2753F1C400B35D02 /* Tests_macOS.swift */ = {isa = PBXFileReference; lastKnownFileType = sourcecode.swift; path = Tests_macOS.swift; sourceTree = "<group>"; };
		288FAEDF2753F1C400B35D02 /* Tests_macOSLaunchTests.swift */ = {isa = PBXFileReference; lastKnownFileType = sourcecode.swift; path = Tests_macOSLaunchTests.swift; sourceTree = "<group>"; };
/* End PBXFileReference section */

/* Begin PBXFrameworksBuildPhase section */
		288FAEBD2753F1C400B35D02 /* Frameworks */ = {
			isa = PBXFrameworksBuildPhase;
			buildActionMask = 2147483647;
			files = (
			);
			runOnlyForDeploymentPostprocessing = 0;
		};
		288FAEC32753F1C400B35D02 /* Frameworks */ = {
			isa = PBXFrameworksBuildPhase;
			buildActionMask = 2147483647;
			files = (
			);
			runOnlyForDeploymentPostprocessing = 0;
		};
		288FAECA2753F1C400B35D02 /* Frameworks */ = {
			isa = PBXFrameworksBuildPhase;
			buildActionMask = 2147483647;
			files = (
			);
			runOnlyForDeploymentPostprocessing = 0;
		};
		288FAED62753F1C400B35D02 /* Frameworks */ = {
			isa = PBXFrameworksBuildPhase;
			buildActionMask = 2147483647;
			files = (
			);
			runOnlyForDeploymentPostprocessing = 0;
		};
/* End PBXFrameworksBuildPhase section */

/* Begin PBXGroup section */
		288FAEB32753F1C200B35D02 = {
			isa = PBXGroup;
			children = (
				288FAEB82753F1C200B35D02 /* Shared */,
				288FAEC72753F1C400B35D02 /* macOS */,
				288FAED02753F1C400B35D02 /* Tests iOS */,
				288FAEDC2753F1C400B35D02 /* Tests macOS */,
				288FAEC12753F1C400B35D02 /* Products */,
			);
			sourceTree = "<group>";
		};
		288FAEB82753F1C200B35D02 /* Shared */ = {
			isa = PBXGroup;
			children = (
				288FAEB92753F1C200B35D02 /* aBookGenieApp.swift */,
				288FAEBA2753F1C200B35D02 /* ContentView.swift */,
				288FAEBB2753F1C400B35D02 /* Assets.xcassets */,
			);
			path = Shared;
			sourceTree = "<group>";
		};
		288FAEC12753F1C400B35D02 /* Products */ = {
			isa = PBXGroup;
			children = (
				288FAEC02753F1C400B35D02 /* aBookGenie.app */,
				288FAEC62753F1C400B35D02 /* aBookGenie.app */,
				288FAECD2753F1C400B35D02 /* Tests iOS.xctest */,
				288FAED92753F1C400B35D02 /* Tests macOS.xctest */,
			);
			name = Products;
			sourceTree = "<group>";
		};
		288FAEC72753F1C400B35D02 /* macOS */ = {
			isa = PBXGroup;
			children = (
				288FAEC82753F1C400B35D02 /* macOS.entitlements */,
			);
			path = macOS;
			sourceTree = "<group>";
		};
		288FAED02753F1C400B35D02 /* Tests iOS */ = {
			isa = PBXGroup;
			children = (
				288FAED12753F1C400B35D02 /* Tests_iOS.swift */,
				288FAED32753F1C400B35D02 /* Tests_iOSLaunchTests.swift */,
			);
			path = "Tests iOS";
			sourceTree = "<group>";
		};
		288FAEDC2753F1C400B35D02 /* Tests macOS */ = {
			isa = PBXGroup;
			children = (
				288FAEDD2753F1C400B35D02 /* Tests_macOS.swift */,
				288FAEDF2753F1C400B35D02 /* Tests_macOSLaunchTests.swift */,
			);
			path = "Tests macOS";
			sourceTree = "<group>";
		};
/* End PBXGroup section */

/* Begin PBXNativeTarget section */
		288FAEBF2753F1C400B35D02 /* aBookGenie (iOS) */ = {
			isa = PBXNativeTarget;
			buildConfigurationList = 288FAEE92753F1C400B35D02 /* Build configuration list for PBXNativeTarget "aBookGenie (iOS)" */;
			buildPhases = (
				288FAEBC2753F1C400B35D02 /* Sources */,
				288FAEBD2753F1C400B35D02 /* Frameworks */,
				288FAEBE2753F1C400B35D02 /* Resources */,
			);
			buildRules = (
			);
			dependencies = (
			);
			name = "aBookGenie (iOS)";
			productName = "aBookGenie (iOS)";
			productReference = 288FAEC02753F1C400B35D02 /* aBookGenie.app */;
			productType = "com.apple.product-type.application";
		};
		288FAEC52753F1C400B35D02 /* aBookGenie (macOS) */ = {
			isa = PBXNativeTarget;
			buildConfigurationList = 288FAEEC2753F1C400B35D02 /* Build configuration list for PBXNativeTarget "aBookGenie (macOS)" */;
			buildPhases = (
				288FAEC22753F1C400B35D02 /* Sources */,
				288FAEC32753F1C400B35D02 /* Frameworks */,
				288FAEC42753F1C400B35D02 /* Resources */,
			);
			buildRules = (
			);
			dependencies = (
			);
			name = "aBookGenie (macOS)";
			productName = "aBookGenie (macOS)";
			productReference = 288FAEC62753F1C400B35D02 /* aBookGenie.app */;
			productType = "com.apple.product-type.application";
		};
		288FAECC2753F1C400B35D02 /* Tests iOS */ = {
			isa = PBXNativeTarget;
			buildConfigurationList = 288FAEEF2753F1C400B35D02 /* Build configuration list for PBXNativeTarget "Tests iOS" */;
			buildPhases = (
				288FAEC92753F1C400B35D02 /* Sources */,
				288FAECA2753F1C400B35D02 /* Frameworks */,
				288FAECB2753F1C400B35D02 /* Resources */,
			);
			buildRules = (
			);
			dependencies = (
				288FAECF2753F1C400B35D02 /* PBXTargetDependency */,
			);
			name = "Tests iOS";
			productName = "Tests iOS";
			productReference = 288FAECD2753F1C400B35D02 /* Tests iOS.xctest */;
			productType = "com.apple.product-type.bundle.ui-testing";
		};
		288FAED82753F1C400B35D02 /* Tests macOS */ = {
			isa = PBXNativeTarget;
			buildConfigurationList = 288FAEF22753F1C400B35D02 /* Build configuration list for PBXNativeTarget "Tests macOS" */;
			buildPhases = (
				288FAED52753F1C400B35D02 /* Sources */,
				288FAED62753F1C400B35D02 /* Frameworks */,
				288FAED72753F1C400B35D02 /* Resources */,
			);
			buildRules = (
			);
			dependencies = (
				288FAEDB2753F1C400B35D02 /* PBXTargetDependency */,
			);
			name = "Tests macOS";
			productName = "Tests macOS";
			productReference = 288FAED92753F1C400B35D02 /* Tests macOS.xctest */;
			productType = "com.apple.product-type.bundle.ui-testing";
		};
/* End PBXNativeTarget section */

/* Begin PBXProject section */
		288FAEB42753F1C200B35D02 /* Project object */ = {
			isa = PBXProject;
			attributes = {
				BuildIndependentTargetsInParallel = 1;
				LastSwiftUpdateCheck = 1310;
				LastUpgradeCheck = 1310;
				TargetAttributes = {
					288FAEBF2753F1C400B35D02 = {
						CreatedOnToolsVersion = 13.1;
					};
					288FAEC52753F1C400B35D02 = {
						CreatedOnToolsVersion = 13.1;
					};
					288FAECC2753F1C400B35D02 = {
						CreatedOnToolsVersion = 13.1;
						TestTargetID = 288FAEBF2753F1C400B35D02;
					};
					288FAED82753F1C400B35D02 = {
						CreatedOnToolsVersion = 13.1;
						TestTargetID = 288FAEC52753F1C400B35D02;
					};
				};
			};
			buildConfigurationList = 288FAEB72753F1C200B35D02 /* Build configuration list for PBXProject "aBookGenie" */;
			compatibilityVersion = "Xcode 13.0";
			developmentRegion = en;
			hasScannedForEncodings = 0;
			knownRegions = (
				en,
				Base,
			);
			mainGroup = 288FAEB32753F1C200B35D02;
			productRefGroup = 288FAEC12753F1C400B35D02 /* Products */;
			projectDirPath = "";
			projectRoot = "";
			targets = (
				288FAEBF2753F1C400B35D02 /* aBookGenie (iOS) */,
				288FAEC52753F1C400B35D02 /* aBookGenie (macOS) */,
				288FAECC2753F1C400B35D02 /* Tests iOS */,
				288FAED82753F1C400B35D02 /* Tests macOS */,
			);
		};
/* End PBXProject section */

/* Begin PBXResourcesBuildPhase section */
		288FAEBE2753F1C400B35D02 /* Resources */ = {
			isa = PBXResourcesBuildPhase;
			buildActionMask = 2147483647;
			files = (
				288FAEE52753F1C400B35D02 /* Assets.xcassets in Resources */,
			);
			runOnlyForDeploymentPostprocessing = 0;
		};
		288FAEC42753F1C400B35D02 /* Resources */ = {
			isa = PBXResourcesBuildPhase;
			buildActionMask = 2147483647;
			files = (
				288FAEE62753F1C400B35D02 /* Assets.xcassets in Resources */,
			);
			runOnlyForDeploymentPostprocessing = 0;
		};
		288FAECB2753F1C400B35D02 /* Resources */ = {
			isa = PBXResourcesBuildPhase;
			buildActionMask = 2147483647;
			files = (
			);
			runOnlyForDeploymentPostprocessing = 0;
		};
		288FAED72753F1C400B35D02 /* Resources */ = {
			isa = PBXResourcesBuildPhase;
			buildActionMask = 2147483647;
			files = (
			);
			runOnlyForDeploymentPostprocessing = 0;
		};
/* End PBXResourcesBuildPhase section */

/* Begin PBXSourcesBuildPhase section */
		288FAEBC2753F1C400B35D02 /* Sources */ = {
			isa = PBXSourcesBuildPhase;
			buildActionMask = 2147483647;
			files = (
				288FAEE32753F1C400B35D02 /* ContentView.swift in Sources */,
				288FAEE12753F1C400B35D02 /* aBookGenieApp.swift in Sources */,
			);
			runOnlyForDeploymentPostprocessing = 0;
		};
		288FAEC22753F1C400B35D02 /* Sources */ = {
			isa = PBXSourcesBuildPhase;
			buildActionMask = 2147483647;
			files = (
				288FAEE42753F1C400B35D02 /* ContentView.swift in Sources */,
				288FAEE22753F1C400B35D02 /* aBookGenieApp.swift in Sources */,
			);
			runOnlyForDeploymentPostprocessing = 0;
		};
		288FAEC92753F1C400B35D02 /* Sources */ = {
			isa = PBXSourcesBuildPhase;
			buildActionMask = 2147483647;
			files = (
				288FAED42753F1C400B35D02 /* Tests_iOSLaunchTests.swift in Sources */,
				288FAED22753F1C400B35D02 /* Tests_iOS.swift in Sources */,
			);
			runOnlyForDeploymentPostprocessing = 0;
		};
		288FAED52753F1C400B35D02 /* Sources */ = {
			isa = PBXSourcesBuildPhase;
			buildActionMask = 2147483647;
			files = (
				288FAEE02753F1C400B35D02 /* Tests_macOSLaunchTests.swift in Sources */,
				288FAEDE2753F1C400B35D02 /* Tests_macOS.swift in Sources */,
			);
			runOnlyForDeploymentPostprocessing = 0;
		};
/* End PBXSourcesBuildPhase section */

/* Begin PBXTargetDependency section */
		288FAECF2753F1C400B35D02 /* PBXTargetDependency */ = {
			isa = PBXTargetDependency;
			target = 288FAEBF2753F1C400B35D02 /* aBookGenie (iOS) */;
			targetProxy = 288FAECE2753F1C400B35D02 /* PBXContainerItemProxy */;
		};
		288FAEDB2753F1C400B35D02 /* PBXTargetDependency */ = {
			isa = PBXTargetDependency;
			target = 288FAEC52753F1C400B35D02 /* aBookGenie (macOS) */;
			targetProxy = 288FAEDA2753F1C400B35D02 /* PBXContainerItemProxy */;
		};
/* End PBXTargetDependency section */

/* Begin XCBuildConfiguration section */
		288FAEE72753F1C400B35D02 /* Debug */ = {
			isa = XCBuildConfiguration;
			buildSettings = {
				ALWAYS_SEARCH_USER_PATHS = NO;
				CLANG_ANALYZER_NONNULL = YES;
				CLANG_ANALYZER_NUMBER_OBJECT_CONVERSION = YES_AGGRESSIVE;
				CLANG_CXX_LANGUAGE_STANDARD = "gnu++17";
				CLANG_CXX_LIBRARY = "libc++";
				CLANG_ENABLE_MODULES = YES;
				CLANG_ENABLE_OBJC_ARC = YES;
				CLANG_ENABLE_OBJC_WEAK = YES;
				CLANG_WARN_BLOCK_CAPTURE_AUTORELEASING = YES;
				CLANG_WARN_BOOL_CONVERSION = YES;
				CLANG_WARN_COMMA = YES;
				CLANG_WARN_CONSTANT_CONVERSION = YES;
				CLANG_WARN_DEPRECATED_OBJC_IMPLEMENTATIONS = YES;
				CLANG_WARN_DIRECT_OBJC_ISA_USAGE = YES_ERROR;
				CLANG_WARN_DOCUMENTATION_COMMENTS = YES;
				CLANG_WARN_EMPTY_BODY = YES;
				CLANG_WARN_ENUM_CONVERSION = YES;
				CLANG_WARN_INFINITE_RECURSION = YES;
				CLANG_WARN_INT_CONVERSION = YES;
				CLANG_WARN_NON_LITERAL_NULL_CONVERSION = YES;
				CLANG_WARN_OBJC_IMPLICIT_RETAIN_SELF = YES;
				CLANG_WARN_OBJC_LITERAL_CONVERSION = YES;
				CLANG_WARN_OBJC_ROOT_CLASS = YES_ERROR;
				CLANG_WARN_QUOTED_INCLUDE_IN_FRAMEWORK_HEADER = YES;
				CLANG_WARN_RANGE_LOOP_ANALYSIS = YES;
				CLANG_WARN_STRICT_PROTOTYPES = YES;
				CLANG_WARN_SUSPICIOUS_MOVE = YES;
				CLANG_WARN_UNGUARDED_AVAILABILITY = YES_AGGRESSIVE;
				CLANG_WARN_UNREACHABLE_CODE = YES;
				CLANG_WARN__DUPLICATE_METHOD_MATCH = YES;
				COPY_PHASE_STRIP = NO;
				DEBUG_INFORMATION_FORMAT = dwarf;
				ENABLE_STRICT_OBJC_MSGSEND = YES;
				ENABLE_TESTABILITY = YES;
				GCC_C_LANGUAGE_STANDARD = gnu11;
				GCC_DYNAMIC_NO_PIC = NO;
				GCC_NO_COMMON_BLOCKS = YES;
				GCC_OPTIMIZATION_LEVEL = 0;
				GCC_PREPROCESSOR_DEFINITIONS = (
					"DEBUG=1",
					"$(inherited)",
				);
				GCC_WARN_64_TO_32_BIT_CONVERSION = YES;
				GCC_WARN_ABOUT_RETURN_TYPE = YES_ERROR;
				GCC_WARN_UNDECLARED_SELECTOR = YES;
				GCC_WARN_UNINITIALIZED_AUTOS = YES_AGGRESSIVE;
				GCC_WARN_UNUSED_FUNCTION = YES;
				GCC_WARN_UNUSED_VARIABLE = YES;
				MTL_ENABLE_DEBUG_INFO = INCLUDE_SOURCE;
				MTL_FAST_MATH = YES;
				ONLY_ACTIVE_ARCH = YES;
				SWIFT_ACTIVE_COMPILATION_CONDITIONS = DEBUG;
				SWIFT_OPTIMIZATION_LEVEL = "-Onone";
			};
			name = Debug;
		};
		288FAEE82753F1C400B35D02 /* Release */ = {
			isa = XCBuildConfiguration;
			buildSettings = {
				ALWAYS_SEARCH_USER_PATHS = NO;
				CLANG_ANALYZER_NONNULL = YES;
				CLANG_ANALYZER_NUMBER_OBJECT_CONVERSION = YES_AGGRESSIVE;
				CLANG_CXX_LANGUAGE_STANDARD = "gnu++17";
				CLANG_CXX_LIBRARY = "libc++";
				CLANG_ENABLE_MODULES = YES;
				CLANG_ENABLE_OBJC_ARC = YES;
				CLANG_ENABLE_OBJC_WEAK = YES;
				CLANG_WARN_BLOCK_CAPTURE_AUTORELEASING = YES;
				CLANG_WARN_BOOL_CONVERSION = YES;
				CLANG_WARN_COMMA = YES;
				CLANG_WARN_CONSTANT_CONVERSION = YES;
				CLANG_WARN_DEPRECATED_OBJC_IMPLEMENTATIONS = YES;
				CLANG_WARN_DIRECT_OBJC_ISA_USAGE = YES_ERROR;
				CLANG_WARN_DOCUMENTATION_COMMENTS = YES;
				CLANG_WARN_EMPTY_BODY = YES;
				CLANG_WARN_ENUM_CONVERSION = YES;
				CLANG_WARN_INFINITE_RECURSION = YES;
				CLANG_WARN_INT_CONVERSION = YES;
				CLANG_WARN_NON_LITERAL_NULL_CONVERSION = YES;
				CLANG_WARN_OBJC_IMPLICIT_RETAIN_SELF = YES;
				CLANG_WARN_OBJC_LITERAL_CONVERSION = YES;
				CLANG_WARN_OBJC_ROOT_CLASS = YES_ERROR;
				CLANG_WARN_QUOTED_INCLUDE_IN_FRAMEWORK_HEADER = YES;
				CLANG_WARN_RANGE_LOOP_ANALYSIS = YES;
				CLANG_WARN_STRICT_PROTOTYPES = YES;
				CLANG_WARN_SUSPICIOUS_MOVE = YES;
				CLANG_WARN_UNGUARDED_AVAILABILITY = YES_AGGRESSIVE;
				CLANG_WARN_UNREACHABLE_CODE = YES;
				CLANG_WARN__DUPLICATE_METHOD_MATCH = YES;
				COPY_PHASE_STRIP = NO;
				DEBUG_INFORMATION_FORMAT = "dwarf-with-dsym";
				ENABLE_NS_ASSERTIONS = NO;
				ENABLE_STRICT_OBJC_MSGSEND = YES;
				GCC_C_LANGUAGE_STANDARD = gnu11;
				GCC_NO_COMMON_BLOCKS = YES;
				GCC_WARN_64_TO_32_BIT_CONVERSION = YES;
				GCC_WARN_ABOUT_RETURN_TYPE = YES_ERROR;
				GCC_WARN_UNDECLARED_SELECTOR = YES;
				GCC_WARN_UNINITIALIZED_AUTOS = YES_AGGRESSIVE;
				GCC_WARN_UNUSED_FUNCTION = YES;
				GCC_WARN_UNUSED_VARIABLE = YES;
				MTL_ENABLE_DEBUG_INFO = NO;
				MTL_FAST_MATH = YES;
				SWIFT_COMPILATION_MODE = wholemodule;
				SWIFT_OPTIMIZATION_LEVEL = "-O";
			};
			name = Release;
		};
		288FAEEA2753F1C400B35D02 /* Debug */ = {
			isa = XCBuildConfiguration;
			buildSettings = {
				ASSETCATALOG_COMPILER_APPICON_NAME = AppIcon;
				ASSETCATALOG_COMPILER_GLOBAL_ACCENT_COLOR_NAME = AccentColor;
				CODE_SIGN_STYLE = Automatic;
				CURRENT_PROJECT_VERSION = 1;
				DEVELOPMENT_TEAM = 5W5XVL48XA;
				ENABLE_PREVIEWS = YES;
				GENERATE_INFOPLIST_FILE = YES;
				INFOPLIST_KEY_UIApplicationSceneManifest_Generation = YES;
				INFOPLIST_KEY_UIApplicationSupportsIndirectInputEvents = YES;
				INFOPLIST_KEY_UILaunchScreen_Generation = YES;
				INFOPLIST_KEY_UISupportedInterfaceOrientations_iPad = "UIInterfaceOrientationPortrait UIInterfaceOrientationPortraitUpsideDown UIInterfaceOrientationLandscapeLeft UIInterfaceOrientationLandscapeRight";
				INFOPLIST_KEY_UISupportedInterfaceOrientations_iPhone = "UIInterfaceOrientationPortrait UIInterfaceOrientationLandscapeLeft UIInterfaceOrientationLandscapeRight";
				IPHONEOS_DEPLOYMENT_TARGET = 15.0;
				LD_RUNPATH_SEARCH_PATHS = (
					"$(inherited)",
					"@executable_path/Frameworks",
				);
				MARKETING_VERSION = 1.0;
				PRODUCT_BUNDLE_IDENTIFIER = com.jdvarney.aBookGenie;
				PRODUCT_NAME = aBookGenie;
				SDKROOT = iphoneos;
				SWIFT_EMIT_LOC_STRINGS = YES;
				SWIFT_VERSION = 5.0;
				TARGETED_DEVICE_FAMILY = "1,2";
			};
			name = Debug;
		};
		288FAEEB2753F1C400B35D02 /* Release */ = {
			isa = XCBuildConfiguration;
			buildSettings = {
				ASSETCATALOG_COMPILER_APPICON_NAME = AppIcon;
				ASSETCATALOG_COMPILER_GLOBAL_ACCENT_COLOR_NAME = AccentColor;
				CODE_SIGN_STYLE = Automatic;
				CURRENT_PROJECT_VERSION = 1;
				DEVELOPMENT_TEAM = 5W5XVL48XA;
				ENABLE_PREVIEWS = YES;
				GENERATE_INFOPLIST_FILE = YES;
				INFOPLIST_KEY_UIApplicationSceneManifest_Generation = YES;
				INFOPLIST_KEY_UIApplicationSupportsIndirectInputEvents = YES;
				INFOPLIST_KEY_UILaunchScreen_Generation = YES;
				INFOPLIST_KEY_UISupportedInterfaceOrientations_iPad = "UIInterfaceOrientationPortrait UIInterfaceOrientationPortraitUpsideDown UIInterfaceOrientationLandscapeLeft UIInterfaceOrientationLandscapeRight";
				INFOPLIST_KEY_UISupportedInterfaceOrientations_iPhone = "UIInterfaceOrientationPortrait UIInterfaceOrientationLandscapeLeft UIInterfaceOrientationLandscapeRight";
				IPHONEOS_DEPLOYMENT_TARGET = 15.0;
				LD_RUNPATH_SEARCH_PATHS = (
					"$(inherited)",
					"@executable_path/Frameworks",
				);
				MARKETING_VERSION = 1.0;
				PRODUCT_BUNDLE_IDENTIFIER = com.jdvarney.aBookGenie;
				PRODUCT_NAME = aBookGenie;
				SDKROOT = iphoneos;
				SWIFT_EMIT_LOC_STRINGS = YES;
				SWIFT_VERSION = 5.0;
				TARGETED_DEVICE_FAMILY = "1,2";
				VALIDATE_PRODUCT = YES;
			};
			name = Release;
		};
		288FAEED2753F1C400B35D02 /* Debug */ = {
			isa = XCBuildConfiguration;
			buildSettings = {
				ASSETCATALOG_COMPILER_APPICON_NAME = AppIcon;
				ASSETCATALOG_COMPILER_GLOBAL_ACCENT_COLOR_NAME = AccentColor;
				CODE_SIGN_ENTITLEMENTS = macOS/macOS.entitlements;
				CODE_SIGN_STYLE = Automatic;
				COMBINE_HIDPI_IMAGES = YES;
				CURRENT_PROJECT_VERSION = 1;
				DEVELOPMENT_TEAM = 5W5XVL48XA;
				ENABLE_HARDENED_RUNTIME = YES;
				ENABLE_PREVIEWS = YES;
				GENERATE_INFOPLIST_FILE = YES;
				INFOPLIST_KEY_NSHumanReadableCopyright = "";
				LD_RUNPATH_SEARCH_PATHS = (
					"$(inherited)",
					"@executable_path/../Frameworks",
				);
				MACOSX_DEPLOYMENT_TARGET = 12.0;
				MARKETING_VERSION = 1.0;
				PRODUCT_BUNDLE_IDENTIFIER = com.jdvarney.aBookGenie;
				PRODUCT_NAME = aBookGenie;
				SDKROOT = macosx;
				SWIFT_EMIT_LOC_STRINGS = YES;
				SWIFT_VERSION = 5.0;
			};
			name = Debug;
		};
		288FAEEE2753F1C400B35D02 /* Release */ = {
			isa = XCBuildConfiguration;
			buildSettings = {
				ASSETCATALOG_COMPILER_APPICON_NAME = AppIcon;
				ASSETCATALOG_COMPILER_GLOBAL_ACCENT_COLOR_NAME = AccentColor;
				CODE_SIGN_ENTITLEMENTS = macOS/macOS.entitlements;
				CODE_SIGN_STYLE = Automatic;
				COMBINE_HIDPI_IMAGES = YES;
				CURRENT_PROJECT_VERSION = 1;
				DEVELOPMENT_TEAM = 5W5XVL48XA;
				ENABLE_HARDENED_RUNTIME = YES;
				ENABLE_PREVIEWS = YES;
				GENERATE_INFOPLIST_FILE = YES;
				INFOPLIST_KEY_NSHumanReadableCopyright = "";
				LD_RUNPATH_SEARCH_PATHS = (
					"$(inherited)",
					"@executable_path/../Frameworks",
				);
				MACOSX_DEPLOYMENT_TARGET = 12.0;
				MARKETING_VERSION = 1.0;
				PRODUCT_BUNDLE_IDENTIFIER = com.jdvarney.aBookGenie;
				PRODUCT_NAME = aBookGenie;
				SDKROOT = macosx;
				SWIFT_EMIT_LOC_STRINGS = YES;
				SWIFT_VERSION = 5.0;
			};
			name = Release;
		};
		288FAEF02753F1C400B35D02 /* Debug */ = {
			isa = XCBuildConfiguration;
			buildSettings = {
				ALWAYS_EMBED_SWIFT_STANDARD_LIBRARIES = YES;
				CODE_SIGN_STYLE = Automatic;
				CURRENT_PROJECT_VERSION = 1;
				DEVELOPMENT_TEAM = 5W5XVL48XA;
				GENERATE_INFOPLIST_FILE = YES;
				IPHONEOS_DEPLOYMENT_TARGET = 15.0;
				LD_RUNPATH_SEARCH_PATHS = (
					"$(inherited)",
					"@executable_path/Frameworks",
					"@loader_path/Frameworks",
				);
				MARKETING_VERSION = 1.0;
				PRODUCT_BUNDLE_IDENTIFIER = "com.jdvarney.Tests-iOS";
				PRODUCT_NAME = "$(TARGET_NAME)";
				SDKROOT = iphoneos;
				SWIFT_EMIT_LOC_STRINGS = NO;
				SWIFT_VERSION = 5.0;
				TARGETED_DEVICE_FAMILY = "1,2";
				TEST_TARGET_NAME = "aBookGenie (iOS)";
			};
			name = Debug;
		};
		288FAEF12753F1C400B35D02 /* Release */ = {
			isa = XCBuildConfiguration;
			buildSettings = {
				ALWAYS_EMBED_SWIFT_STANDARD_LIBRARIES = YES;
				CODE_SIGN_STYLE = Automatic;
				CURRENT_PROJECT_VERSION = 1;
				DEVELOPMENT_TEAM = 5W5XVL48XA;
				GENERATE_INFOPLIST_FILE = YES;
				IPHONEOS_DEPLOYMENT_TARGET = 15.0;
				LD_RUNPATH_SEARCH_PATHS = (
					"$(inherited)",
					"@executable_path/Frameworks",
					"@loader_path/Frameworks",
				);
				MARKETING_VERSION = 1.0;
				PRODUCT_BUNDLE_IDENTIFIER = "com.jdvarney.Tests-iOS";
				PRODUCT_NAME = "$(TARGET_NAME)";
				SDKROOT = iphoneos;
				SWIFT_EMIT_LOC_STRINGS = NO;
				SWIFT_VERSION = 5.0;
				TARGETED_DEVICE_FAMILY = "1,2";
				TEST_TARGET_NAME = "aBookGenie (iOS)";
				VALIDATE_PRODUCT = YES;
			};
			name = Release;
		};
		288FAEF32753F1C400B35D02 /* Debug */ = {
			isa = XCBuildConfiguration;
			buildSettings = {
				ALWAYS_EMBED_SWIFT_STANDARD_LIBRARIES = YES;
				CODE_SIGN_STYLE = Automatic;
				COMBINE_HIDPI_IMAGES = YES;
				CURRENT_PROJECT_VERSION = 1;
				DEVELOPMENT_TEAM = 5W5XVL48XA;
				GENERATE_INFOPLIST_FILE = YES;
				LD_RUNPATH_SEARCH_PATHS = (
					"$(inherited)",
					"@executable_path/../Frameworks",
					"@loader_path/../Frameworks",
				);
				MACOSX_DEPLOYMENT_TARGET = 12.0;
				MARKETING_VERSION = 1.0;
				PRODUCT_BUNDLE_IDENTIFIER = "com.jdvarney.Tests-macOS";
				PRODUCT_NAME = "$(TARGET_NAME)";
				SDKROOT = macosx;
				SWIFT_EMIT_LOC_STRINGS = NO;
				SWIFT_VERSION = 5.0;
				TEST_TARGET_NAME = "aBookGenie (macOS)";
			};
			name = Debug;
		};
		288FAEF42753F1C400B35D02 /* Release */ = {
			isa = XCBuildConfiguration;
			buildSettings = {
				ALWAYS_EMBED_SWIFT_STANDARD_LIBRARIES = YES;
				CODE_SIGN_STYLE = Automatic;
				COMBINE_HIDPI_IMAGES = YES;
				CURRENT_PROJECT_VERSION = 1;
				DEVELOPMENT_TEAM = 5W5XVL48XA;
				GENERATE_INFOPLIST_FILE = YES;
				LD_RUNPATH_SEARCH_PATHS = (
					"$(inherited)",
					"@executable_path/../Frameworks",
					"@loader_path/../Frameworks",
				);
				MACOSX_DEPLOYMENT_TARGET = 12.0;
				MARKETING_VERSION = 1.0;
				PRODUCT_BUNDLE_IDENTIFIER = "com.jdvarney.Tests-macOS";
				PRODUCT_NAME = "$(TARGET_NAME)";
				SDKROOT = macosx;
				SWIFT_EMIT_LOC_STRINGS = NO;
				SWIFT_VERSION = 5.0;
				TEST_TARGET_NAME = "aBookGenie (macOS)";
			};
			name = Release;
		};
/* End XCBuildConfiguration section */

/* Begin XCConfigurationList section */
		288FAEB72753F1C200B35D02 /* Build configuration list for PBXProject "aBookGenie" */ = {
			isa = XCConfigurationList;
			buildConfigurations = (
				288FAEE72753F1C400B35D02 /* Debug */,
				288FAEE82753F1C400B35D02 /* Release */,
			);
			defaultConfigurationIsVisible = 0;
			defaultConfigurationName = Release;
		};
		288FAEE92753F1C400B35D02 /* Build configuration list for PBXNativeTarget "aBookGenie (iOS)" */ = {
			isa = XCConfigurationList;
			buildConfigurations = (
				288FAEEA2753F1C400B35D02 /* Debug */,
				288FAEEB2753F1C400B35D02 /* Release */,
			);
			defaultConfigurationIsVisible = 0;
			defaultConfigurationName = Release;
		};
		288FAEEC2753F1C400B35D02 /* Build configuration list for PBXNativeTarget "aBookGenie (macOS)" */ = {
			isa = XCConfigurationList;
			buildConfigurations = (
				288FAEED2753F1C400B35D02 /* Debug */,
				288FAEEE2753F1C400B35D02 /* Release */,
			);
			defaultConfigurationIsVisible = 0;
			defaultConfigurationName = Release;
		};
		288FAEEF2753F1C400B35D02 /* Build configuration list for PBXNativeTarget "Tests iOS" */ = {
			isa = XCConfigurationList;
			buildConfigurations = (
				288FAEF02753F1C400B35D02 /* Debug */,
				288FAEF12753F1C400B35D02 /* Release */,
			);
			defaultConfigurationIsVisible = 0;
			defaultConfigurationName = Release;
		};
		288FAEF22753F1C400B35D02 /* Build configuration list for PBXNativeTarget "Tests macOS" */ = {
			isa = XCConfigurationList;
			buildConfigurations = (
				288FAEF32753F1C400B35D02 /* Debug */,
				288FAEF42753F1C400B35D02 /* Release */,
			);
			defaultConfigurationIsVisible = 0;
			defaultConfigurationName = Release;
		};
/* End XCConfigurationList section */
	};
	rootObject = 288FAEB42753F1C200B35D02 /* Project object */;
}
